<Solution>
  <Project Path="Hark.App/Hark.App.csproj" />
  <Project Path="Hark.Cli/Hark.Cli.csproj" />
  <Project Path="Hark.Core/Hark.Core.csproj" />
  <Project Path="Hark.Installer/Hark.Installer.csproj" />
  <Project Path="Hark.Oracle/Hark.Oracle.csproj" />
  <Project Path="Hark.Oracle.Spike/Hark.Oracle.Spike.csproj" />
  <Project Path="Hark.Oracle.Spike/Hark.Oracle.Spike.csproj" />
  <Project Path="Hark.Oracle/Hark.Oracle.csproj" />
</Solution>
